{
    "_readme": [
        "This file locks the dependencies of your project to a known state",
        "Read more about it at http://getcomposer.org/doc/01-basic-usage.md#composer-lock-the-lock-file",
        "This file is @generated automatically"
    ],
    "hash": "bb3537d2838d3499a4d11e3b59fedd7c",
    "packages": [
        {
            "name": "yiisoft/jquery",
            "version": "1.9.1",
            "source": {
                "type": "git",
                "url": "https://github.com/yiisoft/jquery.git",
                "reference": "410a63b9f5bd1fad33c3f74cc829d525072e0ec7"
            },
            "dist": {
                "type": "zip",
                "url": "https://api.github.com/repos/yiisoft/jquery/zipball/410a63b9f5bd1fad33c3f74cc829d525072e0ec7",
                "reference": "410a63b9f5bd1fad33c3f74cc829d525072e0ec7",
                "shasum": ""
            },
            "type": "library",
            "notification-url": "https://packagist.org/downloads/",
            "license": [
                "MIT"
            ],
            "description": "jQuery JavaScript Library",
            "homepage": "http://jquery.com",
            "abandoned": true,
            "time": "2013-11-06 00:14:26"
        }
    ],
    "packages-dev": [],
    "aliases": [],
    "minimum-stability": "stable",
    "stability-flags": [],
    "prefer-stable": false,
    "prefer-lowest": false,
    "platform": [],
    "platform-dev": []
}
