{
    "_readme": [
        "This file locks the dependencies of your project to a known state",
        "Read more about it at https://getcomposer.org/doc/01-basic-usage.md#composer-lock-the-lock-file",
        "This file is @generated automatically"
    ],
    "hash": "739fb01fe99ba5dfcd42966f0c1e7f32",
    "content-hash": "2fd30e4598054783bcaa361f7d138933",
    "packages": [
        {
            "name": "yiisoft/jquery",
            "version": "1.9.1",
            "source": {
                "type": "git",
                "url": "https://github.com/yiisoft/jquery.git",
                "reference": "410a63b9f5bd1fad33c3f74cc829d525072e0ec7"
            },
            "dist": {
                "type": "zip",
                "url": "https://api.github.com/repos/yiisoft/jquery/zipball/410a63b9f5bd1fad33c3f74cc829d525072e0ec7",
                "reference": "410a63b9f5bd1fad33c3f74cc829d525072e0ec7",
                "shasum": ""
            },
            "type": "library",
            "notification-url": "https://packagist.org/downloads/",
            "license": [
                "MIT"
            ],
            "description": "jQuery JavaScript Library",
            "homepage": "http://jquery.com",
            "abandoned": true,
            "time": "2013-11-06 00:14:26"
        }
    ],
    "packages-dev": [],
    "aliases": [],
    "minimum-stability": "stable",
    "stability-flags": [],
    "prefer-stable": false,
    "prefer-lowest": false,
    "platform": {
        "php": ">=5.3",
        "ext-json": "*"
    },
    "platform-dev": []
}
